
Microsoft Visual Studio Solution File, Format Version 12.00
# Visual Studio 15
VisualStudioVersion = 15.0.26730.16
MinimumVisualStudioVersion = 10.0.40219.1
Project("{2150E333-8FDC-42A3-9474-1A3956D46DE8}") = "Solution Items", "Solution Items", "{9B4D05BE-A0E7-41D6-8FCF-1C6005FBE801}"
	ProjectSection(SolutionItems) = preProject
		.gitignore = .gitignore
		appveyor-coverage.yml = appveyor-coverage.yml
		appveyor-nightly.yml = appveyor-nightly.yml
		appveyor.yml = appveyor.yml
		postclean.bat = postclean.bat
		rakefile.rb = rakefile.rb
		README.md = README.md
		setup\setup.wxs = setup\setup.wxs
		SolutionInfo.cs = SolutionInfo.cs
	EndProjectSection
EndProject
Project("{FAE04EC0-301F-11D3-BF4B-00C04F79EFBC}") = "PKSim", "src\PKSim\PKSim.csproj", "{E9E36D2F-309E-4AED-A89B-0889D62DC7E8}"
EndProject
Project("{FAE04EC0-301F-11D3-BF4B-00C04F79EFBC}") = "PKSim.Core", "src\PKSim.Core\PKSim.Core.csproj", "{CEF9367D-F2C4-4796-847B-42B090A601B5}"
EndProject
Project("{FAE04EC0-301F-11D3-BF4B-00C04F79EFBC}") = "PKSim.Presentation", "src\PKSim.Presentation\PKSim.Presentation.csproj", "{0238E2F1-A931-4D3D-9C6E-88924CFF9501}"
EndProject
Project("{FAE04EC0-301F-11D3-BF4B-00C04F79EFBC}") = "PKSim.UI", "src\PKSim.UI\PKSim.UI.csproj", "{19E2A5E5-2248-43AA-92E0-190B327D67A8}"
EndProject
Project("{FAE04EC0-301F-11D3-BF4B-00C04F79EFBC}") = "PKSim.Assets", "src\PKSim.Assets\PKSim.Assets.csproj", "{2FFDED35-4F46-4F0C-A5A7-4097B0C5F7AA}"
EndProject
Project("{FAE04EC0-301F-11D3-BF4B-00C04F79EFBC}") = "PKSim.Infrastructure", "src\PKSim.Infrastructure\PKSim.Infrastructure.csproj", "{4A55E410-29A7-4BD7-A731-09A9F04BFEFC}"
EndProject
Project("{FAE04EC0-301F-11D3-BF4B-00C04F79EFBC}") = "PKSim.Tests", "tests\PKSim.Tests\PKSim.Tests.csproj", "{E17E4702-AFE6-4EC5-8559-9A55F3996754}"
EndProject
Project("{FAE04EC0-301F-11D3-BF4B-00C04F79EFBC}") = "PKSim.Matlab", "src\PKSim.Matlab\PKSim.Matlab.csproj", "{2F19A0C6-4C93-4A78-8DB6-E4C3EDE8E6F6}"
EndProject
Project("{FAE04EC0-301F-11D3-BF4B-00C04F79EFBC}") = "PKSim.BatchTool", "src\PKSim.BatchTool\PKSim.BatchTool.csproj", "{625D2DE8-F930-4D53-9576-4E3237A30814}"
EndProject
Project("{FAE04EC0-301F-11D3-BF4B-00C04F79EFBC}") = "PKSim.UI.Tests", "tests\PKSim.UI.Tests\PKSim.UI.Tests\PKSim.UI.Tests.csproj", "{66E2BBE4-E88C-436F-9A14-B12106237FA6}"
EndProject
Project("{FAE04EC0-301F-11D3-BF4B-00C04F79EFBC}") = "PKSim.CLI", "src\PKSim.CLI\PKSim.CLI.csproj", "{9BCFE7D4-F76C-453F-95CB-6F53F640C429}"
EndProject
Project("{FAE04EC0-301F-11D3-BF4B-00C04F79EFBC}") = "PKSim.CLI.Core", "src\PKSim.CLI.Core\PKSim.CLI.Core.csproj", "{62F91EF9-5720-449D-9EC8-E9A7D5BA09B0}"
EndProject
Global
	GlobalSection(SolutionConfigurationPlatforms) = preSolution
		Debug|Any CPU = Debug|Any CPU
		Release|Any CPU = Release|Any CPU
	EndGlobalSection
	GlobalSection(ProjectConfigurationPlatforms) = postSolution
		{E9E36D2F-309E-4AED-A89B-0889D62DC7E8}.Debug|Any CPU.ActiveCfg = Debug|Any CPU
		{E9E36D2F-309E-4AED-A89B-0889D62DC7E8}.Debug|Any CPU.Build.0 = Debug|Any CPU
		{E9E36D2F-309E-4AED-A89B-0889D62DC7E8}.Release|Any CPU.ActiveCfg = Release|Any CPU
		{E9E36D2F-309E-4AED-A89B-0889D62DC7E8}.Release|Any CPU.Build.0 = Release|Any CPU
		{CEF9367D-F2C4-4796-847B-42B090A601B5}.Debug|Any CPU.ActiveCfg = Debug|Any CPU
		{CEF9367D-F2C4-4796-847B-42B090A601B5}.Debug|Any CPU.Build.0 = Debug|Any CPU
		{CEF9367D-F2C4-4796-847B-42B090A601B5}.Release|Any CPU.ActiveCfg = Release|Any CPU
		{CEF9367D-F2C4-4796-847B-42B090A601B5}.Release|Any CPU.Build.0 = Release|Any CPU
		{0238E2F1-A931-4D3D-9C6E-88924CFF9501}.Debug|Any CPU.ActiveCfg = Debug|Any CPU
		{0238E2F1-A931-4D3D-9C6E-88924CFF9501}.Debug|Any CPU.Build.0 = Debug|Any CPU
		{0238E2F1-A931-4D3D-9C6E-88924CFF9501}.Release|Any CPU.ActiveCfg = Release|Any CPU
		{0238E2F1-A931-4D3D-9C6E-88924CFF9501}.Release|Any CPU.Build.0 = Release|Any CPU
		{19E2A5E5-2248-43AA-92E0-190B327D67A8}.Debug|Any CPU.ActiveCfg = Debug|Any CPU
		{19E2A5E5-2248-43AA-92E0-190B327D67A8}.Debug|Any CPU.Build.0 = Debug|Any CPU
		{19E2A5E5-2248-43AA-92E0-190B327D67A8}.Release|Any CPU.ActiveCfg = Release|Any CPU
		{19E2A5E5-2248-43AA-92E0-190B327D67A8}.Release|Any CPU.Build.0 = Release|Any CPU
		{2FFDED35-4F46-4F0C-A5A7-4097B0C5F7AA}.Debug|Any CPU.ActiveCfg = Debug|Any CPU
		{2FFDED35-4F46-4F0C-A5A7-4097B0C5F7AA}.Debug|Any CPU.Build.0 = Debug|Any CPU
		{2FFDED35-4F46-4F0C-A5A7-4097B0C5F7AA}.Release|Any CPU.ActiveCfg = Release|Any CPU
		{2FFDED35-4F46-4F0C-A5A7-4097B0C5F7AA}.Release|Any CPU.Build.0 = Release|Any CPU
		{4A55E410-29A7-4BD7-A731-09A9F04BFEFC}.Debug|Any CPU.ActiveCfg = Debug|Any CPU
		{4A55E410-29A7-4BD7-A731-09A9F04BFEFC}.Debug|Any CPU.Build.0 = Debug|Any CPU
		{4A55E410-29A7-4BD7-A731-09A9F04BFEFC}.Release|Any CPU.ActiveCfg = Release|Any CPU
		{4A55E410-29A7-4BD7-A731-09A9F04BFEFC}.Release|Any CPU.Build.0 = Release|Any CPU
		{E17E4702-AFE6-4EC5-8559-9A55F3996754}.Debug|Any CPU.ActiveCfg = Debug|Any CPU
		{E17E4702-AFE6-4EC5-8559-9A55F3996754}.Debug|Any CPU.Build.0 = Debug|Any CPU
		{E17E4702-AFE6-4EC5-8559-9A55F3996754}.Release|Any CPU.ActiveCfg = Release|Any CPU
		{E17E4702-AFE6-4EC5-8559-9A55F3996754}.Release|Any CPU.Build.0 = Release|Any CPU
		{2F19A0C6-4C93-4A78-8DB6-E4C3EDE8E6F6}.Debug|Any CPU.ActiveCfg = Debug|Any CPU
		{2F19A0C6-4C93-4A78-8DB6-E4C3EDE8E6F6}.Debug|Any CPU.Build.0 = Debug|Any CPU
		{2F19A0C6-4C93-4A78-8DB6-E4C3EDE8E6F6}.Release|Any CPU.ActiveCfg = Release|Any CPU
		{2F19A0C6-4C93-4A78-8DB6-E4C3EDE8E6F6}.Release|Any CPU.Build.0 = Release|Any CPU
		{625D2DE8-F930-4D53-9576-4E3237A30814}.Debug|Any CPU.ActiveCfg = Debug|Any CPU
		{625D2DE8-F930-4D53-9576-4E3237A30814}.Debug|Any CPU.Build.0 = Debug|Any CPU
		{625D2DE8-F930-4D53-9576-4E3237A30814}.Release|Any CPU.ActiveCfg = Release|Any CPU
		{625D2DE8-F930-4D53-9576-4E3237A30814}.Release|Any CPU.Build.0 = Release|Any CPU
		{66E2BBE4-E88C-436F-9A14-B12106237FA6}.Debug|Any CPU.ActiveCfg = Debug|Any CPU
		{66E2BBE4-E88C-436F-9A14-B12106237FA6}.Debug|Any CPU.Build.0 = Debug|Any CPU
		{66E2BBE4-E88C-436F-9A14-B12106237FA6}.Release|Any CPU.ActiveCfg = Release|Any CPU
		{66E2BBE4-E88C-436F-9A14-B12106237FA6}.Release|Any CPU.Build.0 = Release|Any CPU
		{9BCFE7D4-F76C-453F-95CB-6F53F640C429}.Debug|Any CPU.ActiveCfg = Debug|Any CPU
		{9BCFE7D4-F76C-453F-95CB-6F53F640C429}.Debug|Any CPU.Build.0 = Debug|Any CPU
		{9BCFE7D4-F76C-453F-95CB-6F53F640C429}.Release|Any CPU.ActiveCfg = Release|Any CPU
		{9BCFE7D4-F76C-453F-95CB-6F53F640C429}.Release|Any CPU.Build.0 = Release|Any CPU
		{62F91EF9-5720-449D-9EC8-E9A7D5BA09B0}.Debug|Any CPU.ActiveCfg = Debug|Any CPU
		{62F91EF9-5720-449D-9EC8-E9A7D5BA09B0}.Debug|Any CPU.Build.0 = Debug|Any CPU
		{62F91EF9-5720-449D-9EC8-E9A7D5BA09B0}.Release|Any CPU.ActiveCfg = Release|Any CPU
		{62F91EF9-5720-449D-9EC8-E9A7D5BA09B0}.Release|Any CPU.Build.0 = Release|Any CPU
	EndGlobalSection
	GlobalSection(SolutionProperties) = preSolution
		HideSolutionNode = FALSE
	EndGlobalSection
	GlobalSection(ExtensibilityGlobals) = postSolution
		SolutionGuid = {2673A133-1EB3-437B-81FD-7202F21F2B7F}
		VisualSVNWorkingCopyRoot = 
		SolutionGuid = {13620E23-1993-42C6-A4AB-468E29DD24DE}
	EndGlobalSection
	GlobalSection(NDepend) = preSolution
		Project = ".\PKSim.ndproj"
	EndGlobalSection
EndGlobal
